
Microsoft Visual Studio Solution File, Format Version 9.00
# Visual Studio 2005
Project("{FAE04EC0-301F-11D3-BF4B-00C04F79EFBC}") = "Alexandria", "Alexandria\Alexandria.csproj", "{393CD31D-C8FD-448E-8AFD-F6E6E8F59F82}"
EndProject
Project("{FAE04EC0-301F-11D3-BF4B-00C04F79EFBC}") = "Alexandria.Amazon", "Alexandria.Amazon\Alexandria.Amazon.csproj", "{1C0A1DBB-45B1-4F0A-9A40-4176BCF4445E}"
EndProject
Project("{FAE04EC0-301F-11D3-BF4B-00C04F79EFBC}") = "Alexandria.AsciiGenerator", "Alexandria.AsciiGenerator\Alexandria.AsciiGenerator.csproj", "{12384EBE-18DD-4C4C-AFE3-10D84B06E718}"
EndProject
Project("{FAE04EC0-301F-11D3-BF4B-00C04F79EFBC}") = "Alexandria.Client", "Alexandria.Client\Alexandria.Client.csproj", "{3095580F-8714-4D19-B88E-DB51162D112B}"
EndProject
Project("{FAE04EC0-301F-11D3-BF4B-00C04F79EFBC}") = "Alexandria.Db4o", "Alexandria.Db4o\Alexandria.Db4o.csproj", "{B08B54A1-29EE-4321-B02C-87562C4B75D2}"
EndProject
Project("{FAE04EC0-301F-11D3-BF4B-00C04F79EFBC}") = "Alexandria.Droid", "Alexandria.Droid\Alexandria.Droid.csproj", "{49BF09B5-29AE-4BA1-A208-7B4632173774}"
EndProject
Project("{FAE04EC0-301F-11D3-BF4B-00C04F79EFBC}") = "Alexandria.Fmod", "Alexandria.Fmod\Alexandria.Fmod.csproj", "{AF78BF83-2D82-49D4-BEF3-F492E33E2316}"
EndProject
Project("{FAE04EC0-301F-11D3-BF4B-00C04F79EFBC}") = "Alexandria.FreeDB", "Alexandria.FreeDB\Alexandria.FreeDB.csproj", "{26BF108C-8B39-4C9E-A545-4AC01AA3C0E6}"
EndProject
Project("{FAE04EC0-301F-11D3-BF4B-00C04F79EFBC}") = "Alexandria.Imdb", "Alexandria.Imdb\Alexandria.Imdb.csproj", "{3D983C59-61F9-456D-8D0A-D0D982ED0A4F}"
EndProject
Project("{FAE04EC0-301F-11D3-BF4B-00C04F79EFBC}") = "Alexandria.LastFM", "Alexandria.LastFM\Alexandria.LastFM.csproj", "{09E948DB-B5E5-4C6A-9956-0CB025E4FB1A}"
EndProject
Project("{FAE04EC0-301F-11D3-BF4B-00C04F79EFBC}") = "Alexandria.MediaInfo", "Alexandria.MediaInfo\Alexandria.MediaInfo.csproj", "{61BC9FAF-CF0E-4BE9-BE14-F5A443FAA8AD}"
EndProject
Project("{FAE04EC0-301F-11D3-BF4B-00C04F79EFBC}") = "Alexandria.MusicBrainz", "Alexandria.MusicBrainz\Alexandria.MusicBrainz.csproj", "{06EBB86C-E71B-4EF1-8EB7-9B1D6434E6F6}"
EndProject
Project("{FAE04EC0-301F-11D3-BF4B-00C04F79EFBC}") = "Alexandria.Pandora", "Alexandria.Pandora\Alexandria.Pandora.csproj", "{9C611D67-417B-4382-8531-7A9D9633E609}"
EndProject
Project("{FAE04EC0-301F-11D3-BF4B-00C04F79EFBC}") = "Alexandria.Server", "Alexandria.Server\Alexandria.Server.csproj", "{3255632E-BC89-4EEA-B7B7-E8B0ADF93216}"
EndProject
Project("{FAE04EC0-301F-11D3-BF4B-00C04F79EFBC}") = "Alexandria.SQLite", "Alexandria.SQLite\Alexandria.SQLite.csproj", "{03594E0E-E91F-4697-ABBE-DC879C95ABB1}"
EndProject
Project("{FAE04EC0-301F-11D3-BF4B-00C04F79EFBC}") = "Alexandria.TagLib", "Alexandria.TagLib\Alexandria.TagLib.csproj", "{8FE87950-53AD-4CAF-915C-AF4FD9D57FC4}"
EndProject
Project("{FAE04EC0-301F-11D3-BF4B-00C04F79EFBC}") = "Alexandria.Tao", "Alexandria.Tao\Alexandria.Tao.csproj", "{FEDA0E34-F7C0-4E57-A0E3-32DEC541052E}"
EndProject
Project("{FAE04EC0-301F-11D3-BF4B-00C04F79EFBC}") = "Alexandria.FileTools", "Alexandria.FileTools\Alexandria.FileTools.csproj", "{FA920B97-91DA-45DA-B482-A1357AAAA9F0}"
EndProject
Project("{FAE04EC0-301F-11D3-BF4B-00C04F79EFBC}") = "Alexandria.Encyclopedia", "Alexandria.Encyclopedia\Alexandria.Encyclopedia.csproj", "{3E60EA66-3B84-4941-A9A3-B842EDAD1D26}"
EndProject
Project("{FAE04EC0-301F-11D3-BF4B-00C04F79EFBC}") = "Alexandria.Catalog", "Alexandria.Catalog\Alexandria.Catalog.csproj", "{37A4F396-6488-49DC-8313-5166EBE70AA7}"
EndProject
Project("{FAE04EC0-301F-11D3-BF4B-00C04F79EFBC}") = "Alexandria.Playlist", "Alexandria.Playlist\Alexandria.Playlist.csproj", "{5373D021-353C-47FE-9BB0-7F6E22F06594}"
EndProject
Project("{FAE04EC0-301F-11D3-BF4B-00C04F79EFBC}") = "Alexandria.CompactDisc", "Alexandria.CompactDisc\Alexandria.CompactDisc.csproj", "{26D784C3-58A1-47C1-BC0C-FECD7CB0A4D0}"
EndProject
Project("{FAE04EC0-301F-11D3-BF4B-00C04F79EFBC}") = "Alexandria.Mp3Tunes", "Alexandria.Mp3Tunes\Alexandria.Mp3Tunes.csproj", "{E2B3A41A-4F81-40D1-933C-A792AC523F52}"
EndProject
Project("{FAE04EC0-301F-11D3-BF4B-00C04F79EFBC}") = "Alexandria.MusicDns", "Alexandria.MusicDns\Alexandria.MusicDns.csproj", "{45EADD97-2719-4805-86BE-D95719932895}"
EndProject
Global
	GlobalSection(SolutionConfigurationPlatforms) = preSolution
		Debug|Any CPU = Debug|Any CPU
		Release|Any CPU = Release|Any CPU
	EndGlobalSection
	GlobalSection(ProjectConfigurationPlatforms) = postSolution
		{393CD31D-C8FD-448E-8AFD-F6E6E8F59F82}.Debug|Any CPU.ActiveCfg = Debug|Any CPU
		{393CD31D-C8FD-448E-8AFD-F6E6E8F59F82}.Debug|Any CPU.Build.0 = Debug|Any CPU
		{393CD31D-C8FD-448E-8AFD-F6E6E8F59F82}.Release|Any CPU.ActiveCfg = Release|Any CPU
		{393CD31D-C8FD-448E-8AFD-F6E6E8F59F82}.Release|Any CPU.Build.0 = Release|Any CPU
		{1C0A1DBB-45B1-4F0A-9A40-4176BCF4445E}.Debug|Any CPU.ActiveCfg = Debug|Any CPU
		{1C0A1DBB-45B1-4F0A-9A40-4176BCF4445E}.Debug|Any CPU.Build.0 = Debug|Any CPU
		{1C0A1DBB-45B1-4F0A-9A40-4176BCF4445E}.Release|Any CPU.ActiveCfg = Release|Any CPU
		{1C0A1DBB-45B1-4F0A-9A40-4176BCF4445E}.Release|Any CPU.Build.0 = Release|Any CPU
		{12384EBE-18DD-4C4C-AFE3-10D84B06E718}.Debug|Any CPU.ActiveCfg = Debug|Any CPU
		{12384EBE-18DD-4C4C-AFE3-10D84B06E718}.Debug|Any CPU.Build.0 = Debug|Any CPU
		{12384EBE-18DD-4C4C-AFE3-10D84B06E718}.Release|Any CPU.ActiveCfg = Release|Any CPU
		{12384EBE-18DD-4C4C-AFE3-10D84B06E718}.Release|Any CPU.Build.0 = Release|Any CPU
		{3095580F-8714-4D19-B88E-DB51162D112B}.Debug|Any CPU.ActiveCfg = Debug|Any CPU
		{3095580F-8714-4D19-B88E-DB51162D112B}.Debug|Any CPU.Build.0 = Debug|Any CPU
		{3095580F-8714-4D19-B88E-DB51162D112B}.Release|Any CPU.ActiveCfg = Release|Any CPU
		{3095580F-8714-4D19-B88E-DB51162D112B}.Release|Any CPU.Build.0 = Release|Any CPU
		{B08B54A1-29EE-4321-B02C-87562C4B75D2}.Debug|Any CPU.ActiveCfg = Debug|Any CPU
		{B08B54A1-29EE-4321-B02C-87562C4B75D2}.Debug|Any CPU.Build.0 = Debug|Any CPU
		{B08B54A1-29EE-4321-B02C-87562C4B75D2}.Release|Any CPU.ActiveCfg = Release|Any CPU
		{B08B54A1-29EE-4321-B02C-87562C4B75D2}.Release|Any CPU.Build.0 = Release|Any CPU
		{49BF09B5-29AE-4BA1-A208-7B4632173774}.Debug|Any CPU.ActiveCfg = Debug|Any CPU
		{49BF09B5-29AE-4BA1-A208-7B4632173774}.Debug|Any CPU.Build.0 = Debug|Any CPU
		{49BF09B5-29AE-4BA1-A208-7B4632173774}.Release|Any CPU.ActiveCfg = Release|Any CPU
		{49BF09B5-29AE-4BA1-A208-7B4632173774}.Release|Any CPU.Build.0 = Release|Any CPU
		{AF78BF83-2D82-49D4-BEF3-F492E33E2316}.Debug|Any CPU.ActiveCfg = Debug|Any CPU
		{AF78BF83-2D82-49D4-BEF3-F492E33E2316}.Debug|Any CPU.Build.0 = Debug|Any CPU
		{AF78BF83-2D82-49D4-BEF3-F492E33E2316}.Release|Any CPU.ActiveCfg = Release|Any CPU
		{AF78BF83-2D82-49D4-BEF3-F492E33E2316}.Release|Any CPU.Build.0 = Release|Any CPU
		{26BF108C-8B39-4C9E-A545-4AC01AA3C0E6}.Debug|Any CPU.ActiveCfg = Debug|Any CPU
		{26BF108C-8B39-4C9E-A545-4AC01AA3C0E6}.Debug|Any CPU.Build.0 = Debug|Any CPU
		{26BF108C-8B39-4C9E-A545-4AC01AA3C0E6}.Release|Any CPU.ActiveCfg = Release|Any CPU
		{26BF108C-8B39-4C9E-A545-4AC01AA3C0E6}.Release|Any CPU.Build.0 = Release|Any CPU
		{3D983C59-61F9-456D-8D0A-D0D982ED0A4F}.Debug|Any CPU.ActiveCfg = Debug|Any CPU
		{3D983C59-61F9-456D-8D0A-D0D982ED0A4F}.Debug|Any CPU.Build.0 = Debug|Any CPU
		{3D983C59-61F9-456D-8D0A-D0D982ED0A4F}.Release|Any CPU.ActiveCfg = Release|Any CPU
		{3D983C59-61F9-456D-8D0A-D0D982ED0A4F}.Release|Any CPU.Build.0 = Release|Any CPU
		{09E948DB-B5E5-4C6A-9956-0CB025E4FB1A}.Debug|Any CPU.ActiveCfg = Debug|Any CPU
		{09E948DB-B5E5-4C6A-9956-0CB025E4FB1A}.Debug|Any CPU.Build.0 = Debug|Any CPU
		{09E948DB-B5E5-4C6A-9956-0CB025E4FB1A}.Release|Any CPU.ActiveCfg = Release|Any CPU
		{09E948DB-B5E5-4C6A-9956-0CB025E4FB1A}.Release|Any CPU.Build.0 = Release|Any CPU
		{61BC9FAF-CF0E-4BE9-BE14-F5A443FAA8AD}.Debug|Any CPU.ActiveCfg = Debug|Any CPU
		{61BC9FAF-CF0E-4BE9-BE14-F5A443FAA8AD}.Debug|Any CPU.Build.0 = Debug|Any CPU
		{61BC9FAF-CF0E-4BE9-BE14-F5A443FAA8AD}.Release|Any CPU.ActiveCfg = Release|Any CPU
		{61BC9FAF-CF0E-4BE9-BE14-F5A443FAA8AD}.Release|Any CPU.Build.0 = Release|Any CPU
		{06EBB86C-E71B-4EF1-8EB7-9B1D6434E6F6}.Debug|Any CPU.ActiveCfg = Debug|Any CPU
		{06EBB86C-E71B-4EF1-8EB7-9B1D6434E6F6}.Debug|Any CPU.Build.0 = Debug|Any CPU
		{06EBB86C-E71B-4EF1-8EB7-9B1D6434E6F6}.Release|Any CPU.ActiveCfg = Release|Any CPU
		{06EBB86C-E71B-4EF1-8EB7-9B1D6434E6F6}.Release|Any CPU.Build.0 = Release|Any CPU
		{9C611D67-417B-4382-8531-7A9D9633E609}.Debug|Any CPU.ActiveCfg = Debug|Any CPU
		{9C611D67-417B-4382-8531-7A9D9633E609}.Debug|Any CPU.Build.0 = Debug|Any CPU
		{9C611D67-417B-4382-8531-7A9D9633E609}.Release|Any CPU.ActiveCfg = Release|Any CPU
		{9C611D67-417B-4382-8531-7A9D9633E609}.Release|Any CPU.Build.0 = Release|Any CPU
		{3255632E-BC89-4EEA-B7B7-E8B0ADF93216}.Debug|Any CPU.ActiveCfg = Debug|Any CPU
		{3255632E-BC89-4EEA-B7B7-E8B0ADF93216}.Debug|Any CPU.Build.0 = Debug|Any CPU
		{3255632E-BC89-4EEA-B7B7-E8B0ADF93216}.Release|Any CPU.ActiveCfg = Release|Any CPU
		{3255632E-BC89-4EEA-B7B7-E8B0ADF93216}.Release|Any CPU.Build.0 = Release|Any CPU
		{03594E0E-E91F-4697-ABBE-DC879C95ABB1}.Debug|Any CPU.ActiveCfg = Debug|Any CPU
		{03594E0E-E91F-4697-ABBE-DC879C95ABB1}.Debug|Any CPU.Build.0 = Debug|Any CPU
		{03594E0E-E91F-4697-ABBE-DC879C95ABB1}.Release|Any CPU.ActiveCfg = Release|Any CPU
		{03594E0E-E91F-4697-ABBE-DC879C95ABB1}.Release|Any CPU.Build.0 = Release|Any CPU
		{8FE87950-53AD-4CAF-915C-AF4FD9D57FC4}.Debug|Any CPU.ActiveCfg = Debug|Any CPU
		{8FE87950-53AD-4CAF-915C-AF4FD9D57FC4}.Debug|Any CPU.Build.0 = Debug|Any CPU
		{8FE87950-53AD-4CAF-915C-AF4FD9D57FC4}.Release|Any CPU.ActiveCfg = Release|Any CPU
		{8FE87950-53AD-4CAF-915C-AF4FD9D57FC4}.Release|Any CPU.Build.0 = Release|Any CPU
		{FEDA0E34-F7C0-4E57-A0E3-32DEC541052E}.Debug|Any CPU.ActiveCfg = Debug|Any CPU
		{FEDA0E34-F7C0-4E57-A0E3-32DEC541052E}.Debug|Any CPU.Build.0 = Debug|Any CPU
		{FEDA0E34-F7C0-4E57-A0E3-32DEC541052E}.Release|Any CPU.ActiveCfg = Release|Any CPU
		{FEDA0E34-F7C0-4E57-A0E3-32DEC541052E}.Release|Any CPU.Build.0 = Release|Any CPU
		{FA920B97-91DA-45DA-B482-A1357AAAA9F0}.Debug|Any CPU.ActiveCfg = Debug|Any CPU
		{FA920B97-91DA-45DA-B482-A1357AAAA9F0}.Debug|Any CPU.Build.0 = Debug|Any CPU
		{FA920B97-91DA-45DA-B482-A1357AAAA9F0}.Release|Any CPU.ActiveCfg = Release|Any CPU
		{FA920B97-91DA-45DA-B482-A1357AAAA9F0}.Release|Any CPU.Build.0 = Release|Any CPU
		{3E60EA66-3B84-4941-A9A3-B842EDAD1D26}.Debug|Any CPU.ActiveCfg = Debug|Any CPU
		{3E60EA66-3B84-4941-A9A3-B842EDAD1D26}.Debug|Any CPU.Build.0 = Debug|Any CPU
		{3E60EA66-3B84-4941-A9A3-B842EDAD1D26}.Release|Any CPU.ActiveCfg = Release|Any CPU
		{3E60EA66-3B84-4941-A9A3-B842EDAD1D26}.Release|Any CPU.Build.0 = Release|Any CPU
		{37A4F396-6488-49DC-8313-5166EBE70AA7}.Debug|Any CPU.ActiveCfg = Debug|Any CPU
		{37A4F396-6488-49DC-8313-5166EBE70AA7}.Debug|Any CPU.Build.0 = Debug|Any CPU
		{37A4F396-6488-49DC-8313-5166EBE70AA7}.Release|Any CPU.ActiveCfg = Release|Any CPU
		{37A4F396-6488-49DC-8313-5166EBE70AA7}.Release|Any CPU.Build.0 = Release|Any CPU
		{5373D021-353C-47FE-9BB0-7F6E22F06594}.Debug|Any CPU.ActiveCfg = Debug|Any CPU
		{5373D021-353C-47FE-9BB0-7F6E22F06594}.Debug|Any CPU.Build.0 = Debug|Any CPU
		{5373D021-353C-47FE-9BB0-7F6E22F06594}.Release|Any CPU.ActiveCfg = Release|Any CPU
		{5373D021-353C-47FE-9BB0-7F6E22F06594}.Release|Any CPU.Build.0 = Release|Any CPU
		{26D784C3-58A1-47C1-BC0C-FECD7CB0A4D0}.Debug|Any CPU.ActiveCfg = Debug|Any CPU
		{26D784C3-58A1-47C1-BC0C-FECD7CB0A4D0}.Debug|Any CPU.Build.0 = Debug|Any CPU
		{26D784C3-58A1-47C1-BC0C-FECD7CB0A4D0}.Release|Any CPU.ActiveCfg = Release|Any CPU
		{26D784C3-58A1-47C1-BC0C-FECD7CB0A4D0}.Release|Any CPU.Build.0 = Release|Any CPU
		{E2B3A41A-4F81-40D1-933C-A792AC523F52}.Debug|Any CPU.ActiveCfg = Debug|Any CPU
		{E2B3A41A-4F81-40D1-933C-A792AC523F52}.Debug|Any CPU.Build.0 = Debug|Any CPU
		{E2B3A41A-4F81-40D1-933C-A792AC523F52}.Release|Any CPU.ActiveCfg = Release|Any CPU
		{E2B3A41A-4F81-40D1-933C-A792AC523F52}.Release|Any CPU.Build.0 = Release|Any CPU
		{45EADD97-2719-4805-86BE-D95719932895}.Debug|Any CPU.ActiveCfg = Debug|Any CPU
		{45EADD97-2719-4805-86BE-D95719932895}.Debug|Any CPU.Build.0 = Debug|Any CPU
		{45EADD97-2719-4805-86BE-D95719932895}.Release|Any CPU.ActiveCfg = Release|Any CPU
		{45EADD97-2719-4805-86BE-D95719932895}.Release|Any CPU.Build.0 = Release|Any CPU
	EndGlobalSection
	GlobalSection(SolutionProperties) = preSolution
		HideSolutionNode = FALSE
	EndGlobalSection
EndGlobal
