Microsoft Visual Studio Solution File, Format Version 10.00
# Visual Studio 2008
Project("{FAE04EC0-301F-11D3-BF4B-00C04F79EFBC}") = "Alexandria.Extensions", "Alexandria.Extensions\Alexandria.Extensions.csproj", "{5E33B2C5-1D13-4AB1-9827-2B24D89313CA}"
EndProject
Project("{FAE04EC0-301F-11D3-BF4B-00C04F79EFBC}") = "Alexandria.IO", "Alexandria.IO\Alexandria.IO.csproj", "{97449DEA-C759-4E22-B287-305CA0023749}"
EndProject
Project("{FAE04EC0-301F-11D3-BF4B-00C04F79EFBC}") = "Alexandria.Model", "Alexandria.Model\Alexandria.Model.csproj", "{E5F218B8-FD8A-42C3-9409-8539D128F294}"
EndProject
Project("{FAE04EC0-301F-11D3-BF4B-00C04F79EFBC}") = "Alexandria.Persistence", "Alexandria.Persistence\Alexandria.Persistence.csproj", "{4ECF5140-8062-4B6C-A53E-5CA914CF3A5C}"
EndProject
Project("{FAE04EC0-301F-11D3-BF4B-00C04F79EFBC}") = "Alexandria.Services", "Alexandria.Services\Alexandria.Services.csproj", "{5D41B7E6-7428-4A20-A8FB-20A052FD2B02}"
EndProject
Project("{FAE04EC0-301F-11D3-BF4B-00C04F79EFBC}") = "Alexandria.Clients.Ankh", "Alexandria.Clients.Ankh\Alexandria.Clients.Ankh.csproj", "{3095580F-8714-4D19-B88E-DB51162D112B}"
EndProject
Global
	GlobalSection(SolutionConfigurationPlatforms) = preSolution
		Debug|Any CPU = Debug|Any CPU
		Release|Any CPU = Release|Any CPU
	EndGlobalSection
	GlobalSection(ProjectConfigurationPlatforms) = postSolution
		{5E33B2C5-1D13-4AB1-9827-2B24D89313CA}.Debug|Any CPU.ActiveCfg = Debug|Any CPU
		{5E33B2C5-1D13-4AB1-9827-2B24D89313CA}.Debug|Any CPU.Build.0 = Debug|Any CPU
		{5E33B2C5-1D13-4AB1-9827-2B24D89313CA}.Release|Any CPU.ActiveCfg = Release|Any CPU
		{5E33B2C5-1D13-4AB1-9827-2B24D89313CA}.Release|Any CPU.Build.0 = Release|Any CPU
		{97449DEA-C759-4E22-B287-305CA0023749}.Debug|Any CPU.ActiveCfg = Debug|Any CPU
		{97449DEA-C759-4E22-B287-305CA0023749}.Debug|Any CPU.Build.0 = Debug|Any CPU
		{97449DEA-C759-4E22-B287-305CA0023749}.Release|Any CPU.ActiveCfg = Release|Any CPU
		{97449DEA-C759-4E22-B287-305CA0023749}.Release|Any CPU.Build.0 = Release|Any CPU
		{E5F218B8-FD8A-42C3-9409-8539D128F294}.Debug|Any CPU.ActiveCfg = Debug|Any CPU
		{E5F218B8-FD8A-42C3-9409-8539D128F294}.Debug|Any CPU.Build.0 = Debug|Any CPU
		{E5F218B8-FD8A-42C3-9409-8539D128F294}.Release|Any CPU.ActiveCfg = Release|Any CPU
		{E5F218B8-FD8A-42C3-9409-8539D128F294}.Release|Any CPU.Build.0 = Release|Any CPU
		{4ECF5140-8062-4B6C-A53E-5CA914CF3A5C}.Debug|Any CPU.ActiveCfg = Debug|Any CPU
		{4ECF5140-8062-4B6C-A53E-5CA914CF3A5C}.Debug|Any CPU.Build.0 = Debug|Any CPU
		{4ECF5140-8062-4B6C-A53E-5CA914CF3A5C}.Release|Any CPU.ActiveCfg = Release|Any CPU
		{4ECF5140-8062-4B6C-A53E-5CA914CF3A5C}.Release|Any CPU.Build.0 = Release|Any CPU
		{5D41B7E6-7428-4A20-A8FB-20A052FD2B02}.Debug|Any CPU.ActiveCfg = Debug|Any CPU
		{5D41B7E6-7428-4A20-A8FB-20A052FD2B02}.Debug|Any CPU.Build.0 = Debug|Any CPU
		{5D41B7E6-7428-4A20-A8FB-20A052FD2B02}.Release|Any CPU.ActiveCfg = Release|Any CPU
		{5D41B7E6-7428-4A20-A8FB-20A052FD2B02}.Release|Any CPU.Build.0 = Release|Any CPU
		{3095580F-8714-4D19-B88E-DB51162D112B}.Debug|Any CPU.ActiveCfg = Debug|Any CPU
		{3095580F-8714-4D19-B88E-DB51162D112B}.Debug|Any CPU.Build.0 = Debug|Any CPU
		{3095580F-8714-4D19-B88E-DB51162D112B}.Release|Any CPU.ActiveCfg = Release|Any CPU
		{3095580F-8714-4D19-B88E-DB51162D112B}.Release|Any CPU.Build.0 = Release|Any CPU
	EndGlobalSection
	GlobalSection(SolutionProperties) = preSolution
		HideSolutionNode = FALSE
	EndGlobalSection
EndGlobal
