Microsoft Visual Studio Solution File, Format Version 10.00
# Visual Studio 2008
Project("{FAE04EC0-301F-11D3-BF4B-00C04F79EFBC}") = "Alexandria.Extensions.AsciiGenerator", "Alexandria.Extensions.AsciiGenerator\Alexandria.Extensions.AsciiGenerator.csproj", "{12384EBE-18DD-4C4C-AFE3-10D84B06E718}"
EndProject
Project("{FAE04EC0-301F-11D3-BF4B-00C04F79EFBC}") = "Alexandria.Clients.Ankh", "Alexandria.Clients.Ankh\Alexandria.Clients.Ankh.csproj", "{3095580F-8714-4D19-B88E-DB51162D112B}"
EndProject
Project("{FAE04EC0-301F-11D3-BF4B-00C04F79EFBC}") = "Alexandria.IO.Fmod", "Alexandria.IO.Fmod\Alexandria.IO.Fmod.csproj", "{AF78BF83-2D82-49D4-BEF3-F492E33E2316}"
EndProject
Project("{FAE04EC0-301F-11D3-BF4B-00C04F79EFBC}") = "Alexandria.Services.LastFM", "Alexandria.Services.LastFM\Alexandria.Services.LastFM.csproj", "{09E948DB-B5E5-4C6A-9956-0CB025E4FB1A}"
EndProject
Project("{FAE04EC0-301F-11D3-BF4B-00C04F79EFBC}") = "Alexandria.Services.MusicBrainz", "Alexandria.Services.MusicBrainz\Alexandria.Services.MusicBrainz.csproj", "{06EBB86C-E71B-4EF1-8EB7-9B1D6434E6F6}"
EndProject
Project("{FAE04EC0-301F-11D3-BF4B-00C04F79EFBC}") = "Alexandria.Extensions.TagLib", "Alexandria.Extensions.TagLib\Alexandria.Extensions.TagLib.csproj", "{8FE87950-53AD-4CAF-915C-AF4FD9D57FC4}"
EndProject
Project("{FAE04EC0-301F-11D3-BF4B-00C04F79EFBC}") = "Alexandria.Extensions.CompactDisc", "Alexandria.Extensions.CompactDisc\Alexandria.Extensions.CompactDisc.csproj", "{26D784C3-58A1-47C1-BC0C-FECD7CB0A4D0}"
EndProject
Project("{FAE04EC0-301F-11D3-BF4B-00C04F79EFBC}") = "Alexandria.Services.Mp3Tunes", "Alexandria.Services.Mp3Tunes\Alexandria.Services.Mp3Tunes.csproj", "{E2B3A41A-4F81-40D1-933C-A792AC523F52}"
EndProject
Project("{FAE04EC0-301F-11D3-BF4B-00C04F79EFBC}") = "Alexandria.Services.MusicDns", "Alexandria.Services.MusicDns\Alexandria.Services.MusicDns.csproj", "{45EADD97-2719-4805-86BE-D95719932895}"
EndProject
Project("{FAE04EC0-301F-11D3-BF4B-00C04F79EFBC}") = "Alexandria.Extensions.Playlist", "Alexandria.Extensions.Playlist\Alexandria.Extensions.Playlist.csproj", "{5373D021-353C-47FE-9BB0-7F6E22F06594}"
EndProject
Project("{FAE04EC0-301F-11D3-BF4B-00C04F79EFBC}") = "Alexandria.IO", "Alexandria.IO\Alexandria.IO.csproj", "{97449DEA-C759-4E22-B287-305CA0023749}"
EndProject
Project("{FAE04EC0-301F-11D3-BF4B-00C04F79EFBC}") = "Alexandria.Services", "Alexandria.Services\Alexandria.Services.csproj", "{5D41B7E6-7428-4A20-A8FB-20A052FD2B02}"
EndProject
Project("{FAE04EC0-301F-11D3-BF4B-00C04F79EFBC}") = "Alexandria.Model", "Alexandria.Model\Alexandria.Model.csproj", "{E5F218B8-FD8A-42C3-9409-8539D128F294}"
EndProject
Project("{FAE04EC0-301F-11D3-BF4B-00C04F79EFBC}") = "Alexandria.Model.Data", "Alexandria.Model.Data\Alexandria.Model.Data.csproj", "{72E74E72-336B-4E98-ABA7-334B594636FA}"
EndProject
Project("{FAE04EC0-301F-11D3-BF4B-00C04F79EFBC}") = "Alexandria.Extensions", "Alexandria.Extensions\Alexandria.Extensions.csproj", "{5E33B2C5-1D13-4AB1-9827-2B24D89313CA}"
EndProject
Project("{FAE04EC0-301F-11D3-BF4B-00C04F79EFBC}") = "Alexandria.Messaging", "Alexandria.Messaging\Alexandria.Messaging.csproj", "{D9B3AAB3-F491-4D01-A69F-13519BAADA69}"
EndProject
Project("{FAE04EC0-301F-11D3-BF4B-00C04F79EFBC}") = "Babel.Persistence", "Babel.Persistence\Babel.Persistence.csproj", "{F824EFE1-595D-40D0-8494-8CB27FE9E603}"
EndProject
Project("{FAE04EC0-301F-11D3-BF4B-00C04F79EFBC}") = "Babel.Persistence.SQLite", "Babel.Persistence.SQLite\Babel.Persistence.SQLite.csproj", "{A6E60DCF-15D9-4608-A86C-3F9A1929CA3F}"
EndProject
Project("{FAE04EC0-301F-11D3-BF4B-00C04F79EFBC}") = "Alexandria.Persistence", "Alexandria.Persistence\Alexandria.Persistence.csproj", "{4ECF5140-8062-4B6C-A53E-5CA914CF3A5C}"
EndProject
Project("{FAE04EC0-301F-11D3-BF4B-00C04F79EFBC}") = "Alexandria.Model.Mapping", "Alexandria.Model.Mapping\Alexandria.Model.Mapping.csproj", "{F28BD76C-D748-47AC-9528-EB25BF165A4E}"
EndProject
Project("{FAE04EC0-301F-11D3-BF4B-00C04F79EFBC}") = "Alexandria.Core", "Alexandria.Core\Alexandria.Core.csproj", "{5D0C234C-F991-4DDD-AC76-1C90AE7BF582}"
EndProject
Global
	GlobalSection(SolutionConfigurationPlatforms) = preSolution
		Debug|Any CPU = Debug|Any CPU
		Release|Any CPU = Release|Any CPU
	EndGlobalSection
	GlobalSection(ProjectConfigurationPlatforms) = postSolution
		{12384EBE-18DD-4C4C-AFE3-10D84B06E718}.Debug|Any CPU.ActiveCfg = Debug|Any CPU
		{12384EBE-18DD-4C4C-AFE3-10D84B06E718}.Debug|Any CPU.Build.0 = Debug|Any CPU
		{12384EBE-18DD-4C4C-AFE3-10D84B06E718}.Release|Any CPU.ActiveCfg = Release|Any CPU
		{12384EBE-18DD-4C4C-AFE3-10D84B06E718}.Release|Any CPU.Build.0 = Release|Any CPU
		{3095580F-8714-4D19-B88E-DB51162D112B}.Debug|Any CPU.ActiveCfg = Debug|Any CPU
		{3095580F-8714-4D19-B88E-DB51162D112B}.Debug|Any CPU.Build.0 = Debug|Any CPU
		{3095580F-8714-4D19-B88E-DB51162D112B}.Release|Any CPU.ActiveCfg = Release|Any CPU
		{3095580F-8714-4D19-B88E-DB51162D112B}.Release|Any CPU.Build.0 = Release|Any CPU
		{AF78BF83-2D82-49D4-BEF3-F492E33E2316}.Debug|Any CPU.ActiveCfg = Debug|Any CPU
		{AF78BF83-2D82-49D4-BEF3-F492E33E2316}.Debug|Any CPU.Build.0 = Debug|Any CPU
		{AF78BF83-2D82-49D4-BEF3-F492E33E2316}.Release|Any CPU.ActiveCfg = Release|Any CPU
		{AF78BF83-2D82-49D4-BEF3-F492E33E2316}.Release|Any CPU.Build.0 = Release|Any CPU
		{09E948DB-B5E5-4C6A-9956-0CB025E4FB1A}.Debug|Any CPU.ActiveCfg = Debug|Any CPU
		{09E948DB-B5E5-4C6A-9956-0CB025E4FB1A}.Debug|Any CPU.Build.0 = Debug|Any CPU
		{09E948DB-B5E5-4C6A-9956-0CB025E4FB1A}.Release|Any CPU.ActiveCfg = Release|Any CPU
		{09E948DB-B5E5-4C6A-9956-0CB025E4FB1A}.Release|Any CPU.Build.0 = Release|Any CPU
		{06EBB86C-E71B-4EF1-8EB7-9B1D6434E6F6}.Debug|Any CPU.ActiveCfg = Debug|Any CPU
		{06EBB86C-E71B-4EF1-8EB7-9B1D6434E6F6}.Debug|Any CPU.Build.0 = Debug|Any CPU
		{06EBB86C-E71B-4EF1-8EB7-9B1D6434E6F6}.Release|Any CPU.ActiveCfg = Release|Any CPU
		{06EBB86C-E71B-4EF1-8EB7-9B1D6434E6F6}.Release|Any CPU.Build.0 = elease|Any CPU
		{8FE87950-53AD-4CAF-915C-AF4FD9D57FC4}.Debug|Any CPU.ActiveCfg = Debug|Any CPU
		{8FE87950-53AD-4CAF-915C-AF4FD9D57FC4}.Debug|Any CPU.Build.0 = Debug|Any CPU
		{8FE87950-53AD-4CAF-915C-AF4FD9D57FC4}.Release|Any CPU.ActiveCfg = Release|Any CPU
		{8FE87950-53AD-4CAF-915C-AF4FD9D57FC4}.Release|Any CPU.Build.0 = Release|Any CPU
		{26D784C3-58A1-47C1-BC0C-FECD7CB0A4D0}.Debug|Any CPU.ActiveCfg = Debug|Any CPU
		{26D784C3-58A1-47C1-BC0C-FECD7CB0A4D0}.Debug|Any CPU.Build.0 = Debug|Any CPU
		{26D784C3-58A1-47C1-BC0C-FECD7CB0A4D0}.Release|Any CPU.ActiveCfg = Release|Any CPU
		{26D784C3-58A1-47C1-BC0C-FECD7CB0A4D0}.Release|Any CPU.Build.0 = Release|Any CPU
		{E2B3A41A-4F81-40D1-933C-A792AC523F52}.Debug|Any CPU.ActiveCfg = Debug|Any CPU
		{E2B3A41A-4F81-40D1-933C-A792AC523F52}.Debug|Any CPU.Build.0 = Debug|Any CPU
		{E2B3A41A-4F81-40D1-933C-A792AC523F52}.Release|Any CPU.ActiveCfg = Release|Any CPU
		{E2B3A41A-4F81-40D1-933C-A792AC523F52}.Release|Any CPU.Build.0 = Release|Any CPU
		{45EADD97-2719-4805-86BE-D95719932895}.Debug|Any CPU.ActiveCfg = Debug|Any CPU
		{45EADD97-2719-4805-86BE-D95719932895}.Debug|Any CPU.Build.0 = Debug|Any CPU
		{45EADD97-2719-4805-86BE-D95719932895}.Release|Any CPU.ActiveCfg = Release|Any CPU
		{45EADD97-2719-4805-86BE-D95719932895}.Release|Any CPU.Build.0 = Release|Any CPU
		{5373D021-353C-47FE-9BB0-7F6E22F06594}.Debug|Any CPU.ActiveCfg = Debug|Any CPU
		{5373D021-353C-47FE-9BB0-7F6E22F06594}.Debug|Any CPU.Build.0 = Debug|Any CPU
		{5373D021-353C-47FE-9BB0-7F6E22F06594}.Release|Any CPU.ActiveCfg = Release|Any CPU
		{5373D021-353C-47FE-9BB0-7F6E22F06594}.Release|Any CPU.Build.0 = Release|Any CPU
		{97449DEA-C759-4E22-B287-305CA0023749}.Debug|Any CPU.ActiveCfg = Debug|Any CPU
		{97449DEA-C759-4E22-B287-305CA0023749}.Debug|Any CPU.Build.0 = Debug|Any CPU
		{97449DEA-C759-4E22-B287-305CA0023749}.Release|Any CPU.ActiveCfg = Release|Any CPU
		{97449DEA-C759-4E22-B287-305CA0023749}.Release|Any CPU.Build.0 = Release|Any CPU
		{5D41B7E6-7428-4A20-A8FB-20A052FD2B02}.Debug|Any CPU.ActiveCfg = Debug|Any CPU
		{5D41B7E6-7428-4A20-A8FB-20A052FD2B02}.Debug|Any CPU.Build.0 = Debug|Any CPU
		{5D41B7E6-7428-4A20-A8FB-20A052FD2B02}.Release|Any CPU.ActiveCfg = Release|Any CPU
		{5D41B7E6-7428-4A20-A8FB-20A052FD2B02}.Release|Any CPU.Build.0 = Release|Any CPU
		{E5F218B8-FD8A-42C3-9409-8539D128F294}.Debug|Any CPU.ActiveCfg = Debug|Any CPU
		{E5F218B8-FD8A-42C3-9409-8539D128F294}.Debug|Any CPU.Build.0 = Debug|Any CPU
		{E5F218B8-FD8A-42C3-9409-8539D128F294}.Release|Any CPU.ActiveCfg = Release|Any CPU
		{E5F218B8-FD8A-42C3-9409-8539D128F294}.Release|Any CPU.Build.0 = Release|Any CPU
		{72E74E72-336B-4E98-ABA7-334B594636FA}.Debug|Any CPU.ActiveCfg = Debug|Any CPU
		{72E74E72-336B-4E98-ABA7-334B594636FA}.Debug|Any CPU.Build.0 = Debug|Any CPU
		{72E74E72-336B-4E98-ABA7-334B594636FA}.Release|Any CPU.ActiveCfg = Release|Any CPU
		{72E74E72-336B-4E98-ABA7-334B594636FA}.Release|Any CPU.Build.0 = Release|Any CPU
		{5E33B2C5-1D13-4AB1-9827-2B24D89313CA}.Debug|Any CPU.ActiveCfg = Debug|Any CPU
		{5E33B2C5-1D13-4AB1-9827-2B24D89313CA}.Debug|Any CPU.Build.0 = Debug|Any CPU
		{5E33B2C5-1D13-4AB1-9827-2B24D89313CA}.Release|Any CPU.ActiveCfg = Release|Any CPU
		{5E33B2C5-1D13-4AB1-9827-2B24D89313CA}.Release|Any CPU.Build.0 = Release|Any CPU
		{D9B3AAB3-F491-4D01-A69F-13519BAADA69}.Debug|Any CPU.ActiveCfg = Debug|Any CPU
		{D9B3AAB3-F491-4D01-A69F-13519BAADA69}.Debug|Any CPU.Build.0 = Debug|Any CPU
		{D9B3AAB3-F491-4D01-A69F-13519BAADA69}.Release|Any CPU.ActiveCfg = Release|Any CPU
		{D9B3AAB3-F491-4D01-A69F-13519BAADA69}.Release|Any CPU.Build.0 = Release|Any CPU
		{F824EFE1-595D-40D0-8494-8CB27FE9E603}.Debug|Any CPU.ActiveCfg = Debug|Any CPU
		{F824EFE1-595D-40D0-8494-8CB27FE9E603}.Debug|Any CPU.Build.0 = Debug|Any CPU
		{F824EFE1-595D-40D0-8494-8CB27FE9E603}.Release|Any CPU.ActiveCfg = Release|Any CPU
		{F824EFE1-595D-40D0-8494-8CB27FE9E603}.Release|Any CPU.Build.0 = Release|Any CPU
		{A6E60DCF-15D9-4608-A86C-3F9A1929CA3F}.Debug|Any CPU.ActiveCfg = Debug|Any CPU
		{A6E60DCF-15D9-4608-A86C-3F9A1929CA3F}.Debug|Any CPU.Build.0 = Debug|Any CPU
		{A6E60DCF-15D9-4608-A86C-3F9A1929CA3F}.Release|Any CPU.ActiveCfg = Release|Any CPU
		{A6E60DCF-15D9-4608-A86C-3F9A1929CA3F}.Release|Any CPU.Build.0 = Release|Any CPU
		{4ECF5140-8062-4B6C-A53E-5CA914CF3A5C}.Debug|Any CPU.ActiveCfg = Debug|Any CPU
		{4ECF5140-8062-4B6C-A53E-5CA914CF3A5C}.Debug|Any CPU.Build.0 = Debug|Any CPU
		{4ECF5140-8062-4B6C-A53E-5CA914CF3A5C}.Release|Any CPU.ActiveCfg = Release|Any CPU
		{4ECF5140-8062-4B6C-A53E-5CA914CF3A5C}.Release|Any CPU.Build.0 = Release|Any CPU
		{F28BD76C-D748-47AC-9528-EB25BF165A4E}.Debug|Any CPU.ActiveCfg = Debug|Any CPU
		{F28BD76C-D748-47AC-9528-EB25BF165A4E}.Debug|Any CPU.Build.0 = Debug|Any CPU
		{F28BD76C-D748-47AC-9528-EB25BF165A4E}.Release|Any CPU.ActiveCfg = Release|Any CPU
		{F28BD76C-D748-47AC-9528-EB25BF165A4E}.Release|Any CPU.Build.0 = Release|Any CPU
		{5D0C234C-F991-4DDD-AC76-1C90AE7BF582}.Debug|Any CPU.ActiveCfg = Debug|Any CPU
		{5D0C234C-F991-4DDD-AC76-1C90AE7BF582}.Debug|Any CPU.Build.0 = Debug|Any CPU
		{5D0C234C-F991-4DDD-AC76-1C90AE7BF582}.Release|Any CPU.ActiveCfg = Release|Any CPU
		{5D0C234C-F991-4DDD-AC76-1C90AE7BF582}.Release|Any CPU.Build.0 = Release|Any CPU
	EndGlobalSection
	GlobalSection(SolutionProperties) = preSolution
		HideSolutionNode = FALSE
	EndGlobalSection
EndGlobal
