
Microsoft Visual Studio Solution File, Format Version 10.00
# Visual Studio 2008
Project("{FAE04EC0-301F-11D3-BF4B-00C04F79EFBC}") = "Sophia.Core", "Sophia.Core\Sophia.Core.csproj", "{7F917E7A-F555-4ACD-BA88-74AAA1468380}"
EndProject
Project("{2150E333-8FDC-42A3-9474-1A3956D46DE8}") = "Examples", "Examples", "{224CEC51-D667-4B51-8FA9-69E526DD9931}"
EndProject
Project("{FAE04EC0-301F-11D3-BF4B-00C04F79EFBC}") = "NodeTest", "NodeTest\NodeTest.csproj", "{87561889-0197-431E-8CED-B32B0B7FE62C}"
EndProject
Project("{FAE04EC0-301F-11D3-BF4B-00C04F79EFBC}") = "ContextTest", "ContextTest\ContextTest.csproj", "{3C2B8018-AB31-40DE-87C2-C7747B93735A}"
EndProject
Global
	GlobalSection(SolutionConfigurationPlatforms) = preSolution
		Debug|Any CPU = Debug|Any CPU
		Release|Any CPU = Release|Any CPU
	EndGlobalSection
	GlobalSection(ProjectConfigurationPlatforms) = postSolution
		{7F917E7A-F555-4ACD-BA88-74AAA1468380}.Debug|Any CPU.ActiveCfg = Debug|Any CPU
		{7F917E7A-F555-4ACD-BA88-74AAA1468380}.Debug|Any CPU.Build.0 = Debug|Any CPU
		{7F917E7A-F555-4ACD-BA88-74AAA1468380}.Release|Any CPU.ActiveCfg = Release|Any CPU
		{7F917E7A-F555-4ACD-BA88-74AAA1468380}.Release|Any CPU.Build.0 = Release|Any CPU
		{87561889-0197-431E-8CED-B32B0B7FE62C}.Debug|Any CPU.ActiveCfg = Debug|Any CPU
		{87561889-0197-431E-8CED-B32B0B7FE62C}.Debug|Any CPU.Build.0 = Debug|Any CPU
		{87561889-0197-431E-8CED-B32B0B7FE62C}.Release|Any CPU.ActiveCfg = Release|Any CPU
		{87561889-0197-431E-8CED-B32B0B7FE62C}.Release|Any CPU.Build.0 = Release|Any CPU
		{3C2B8018-AB31-40DE-87C2-C7747B93735A}.Debug|Any CPU.ActiveCfg = Debug|Any CPU
		{3C2B8018-AB31-40DE-87C2-C7747B93735A}.Debug|Any CPU.Build.0 = Debug|Any CPU
		{3C2B8018-AB31-40DE-87C2-C7747B93735A}.Release|Any CPU.ActiveCfg = Release|Any CPU
		{3C2B8018-AB31-40DE-87C2-C7747B93735A}.Release|Any CPU.Build.0 = Release|Any CPU
	EndGlobalSection
	GlobalSection(SolutionProperties) = preSolution
		HideSolutionNode = FALSE
	EndGlobalSection
	GlobalSection(NestedProjects) = preSolution
		{87561889-0197-431E-8CED-B32B0B7FE62C} = {224CEC51-D667-4B51-8FA9-69E526DD9931}
		{3C2B8018-AB31-40DE-87C2-C7747B93735A} = {224CEC51-D667-4B51-8FA9-69E526DD9931}
	EndGlobalSection
EndGlobal
