
Microsoft Visual Studio Solution File, Format Version 9.00
# Visual Studio 2005
Project("{FAE04EC0-301F-11D3-BF4B-00C04F79EFBC}") = "Alexandria.Db4o", "Alexandria.Db4o.csproj", "{B08B54A1-29EE-4321-B02C-87562C4B75D2}"
EndProject
Project("{FAE04EC0-301F-11D3-BF4B-00C04F79EFBC}") = "Alexandria", "..\Alexandria\Alexandria.csproj", "{393CD31D-C8FD-448E-8AFD-F6E6E8F59F82}"
EndProject
Global
	GlobalSection(SolutionConfigurationPlatforms) = preSolution
		Debug|Any CPU = Debug|Any CPU
		Release|Any CPU = Release|Any CPU
	EndGlobalSection
	GlobalSection(ProjectConfigurationPlatforms) = postSolution
		{B08B54A1-29EE-4321-B02C-87562C4B75D2}.Debug|Any CPU.ActiveCfg = Debug|Any CPU
		{B08B54A1-29EE-4321-B02C-87562C4B75D2}.Debug|Any CPU.Build.0 = Debug|Any CPU
		{B08B54A1-29EE-4321-B02C-87562C4B75D2}.Release|Any CPU.ActiveCfg = Release|Any CPU
		{B08B54A1-29EE-4321-B02C-87562C4B75D2}.Release|Any CPU.Build.0 = Release|Any CPU
		{393CD31D-C8FD-448E-8AFD-F6E6E8F59F82}.Debug|Any CPU.ActiveCfg = Debug|Any CPU
		{393CD31D-C8FD-448E-8AFD-F6E6E8F59F82}.Debug|Any CPU.Build.0 = Debug|Any CPU
		{393CD31D-C8FD-448E-8AFD-F6E6E8F59F82}.Release|Any CPU.ActiveCfg = Release|Any CPU
		{393CD31D-C8FD-448E-8AFD-F6E6E8F59F82}.Release|Any CPU.Build.0 = Release|Any CPU
	EndGlobalSection
	GlobalSection(SolutionProperties) = preSolution
		HideSolutionNode = FALSE
	EndGlobalSection
EndGlobal
