
Microsoft Visual Studio Solution File, Format Version 11.00
# Visual Studio 2010
Project("{FAE04EC0-301F-11D3-BF4B-00C04F79EFBC}") = "Gnosis.Core", "Gnosis.Core\Gnosis.Core.csproj", "{37091600-5BFE-4FCB-8A69-F016FF451462}"
EndProject
Project("{FAE04EC0-301F-11D3-BF4B-00C04F79EFBC}") = "Gnosis.Alexandria", "Gnosis.Alexandria\Gnosis.Alexandria.csproj", "{1307CB13-F914-4DEC-8198-BBBC571D821C}"
EndProject
Project("{2150E333-8FDC-42A3-9474-1A3956D46DE8}") = "lib", "lib", "{F1E21BC9-CF85-4CC2-8A00-00ED88073BE5}"
EndProject
Project("{FAE04EC0-301F-11D3-BF4B-00C04F79EFBC}") = "taglib-sharp", "..\lib\taglib-sharp\2.0.3.7\taglib-sharp.csproj", "{4CC18776-125E-4318-9D24-D60110AD9697}"
EndProject
Project("{FAE04EC0-301F-11D3-BF4B-00C04F79EFBC}") = "Gnosis.Fmod", "Gnosis.Fmod\Gnosis.Fmod.csproj", "{1629B512-34A2-4F04-AB9A-EBD30228EBDC}"
EndProject
Project("{FAE04EC0-301F-11D3-BF4B-00C04F79EFBC}") = "Gnosis.Tests", "Gnosis.Tests\Gnosis.Tests.csproj", "{CA62A344-0BEB-4DD3-9BF7-0F7D8D850CCB}"
EndProject
Project("{FAE04EC0-301F-11D3-BF4B-00C04F79EFBC}") = "Gnosis.Data", "Gnosis.Data\Gnosis.Data.csproj", "{B36EA69D-F61D-4002-9E0E-FB0F897C6977}"
EndProject
Project("{FAE04EC0-301F-11D3-BF4B-00C04F79EFBC}") = "Gnosis.Spiders", "Gnosis.Spiders\Gnosis.Spiders.csproj", "{9A1CF5CE-B0ED-4A35-9061-93710B0FE57D}"
EndProject
Global
	GlobalSection(SolutionConfigurationPlatforms) = preSolution
		Debug|Any CPU = Debug|Any CPU
		Debug|Mixed Platforms = Debug|Mixed Platforms
		Debug|x64 = Debug|x64
		Debug|x86 = Debug|x86
		Release|Any CPU = Release|Any CPU
		Release|Mixed Platforms = Release|Mixed Platforms
		Release|x64 = Release|x64
		Release|x86 = Release|x86
	EndGlobalSection
	GlobalSection(ProjectConfigurationPlatforms) = postSolution
		{37091600-5BFE-4FCB-8A69-F016FF451462}.Debug|Any CPU.ActiveCfg = Debug|Any CPU
		{37091600-5BFE-4FCB-8A69-F016FF451462}.Debug|Any CPU.Build.0 = Debug|Any CPU
		{37091600-5BFE-4FCB-8A69-F016FF451462}.Debug|Mixed Platforms.ActiveCfg = Debug|Any CPU
		{37091600-5BFE-4FCB-8A69-F016FF451462}.Debug|Mixed Platforms.Build.0 = Debug|Any CPU
		{37091600-5BFE-4FCB-8A69-F016FF451462}.Debug|x64.ActiveCfg = Debug|Any CPU
		{37091600-5BFE-4FCB-8A69-F016FF451462}.Debug|x64.Build.0 = Debug|Any CPU
		{37091600-5BFE-4FCB-8A69-F016FF451462}.Debug|x86.ActiveCfg = Debug|Any CPU
		{37091600-5BFE-4FCB-8A69-F016FF451462}.Release|Any CPU.ActiveCfg = Release|Any CPU
		{37091600-5BFE-4FCB-8A69-F016FF451462}.Release|Any CPU.Build.0 = Release|Any CPU
		{37091600-5BFE-4FCB-8A69-F016FF451462}.Release|Mixed Platforms.ActiveCfg = Release|Any CPU
		{37091600-5BFE-4FCB-8A69-F016FF451462}.Release|Mixed Platforms.Build.0 = Release|Any CPU
		{37091600-5BFE-4FCB-8A69-F016FF451462}.Release|x64.ActiveCfg = Release|Any CPU
		{37091600-5BFE-4FCB-8A69-F016FF451462}.Release|x86.ActiveCfg = Release|Any CPU
		{1307CB13-F914-4DEC-8198-BBBC571D821C}.Debug|Any CPU.ActiveCfg = Debug|Any CPU
		{1307CB13-F914-4DEC-8198-BBBC571D821C}.Debug|Any CPU.Build.0 = Debug|Any CPU
		{1307CB13-F914-4DEC-8198-BBBC571D821C}.Debug|Mixed Platforms.ActiveCfg = Debug|x64
		{1307CB13-F914-4DEC-8198-BBBC571D821C}.Debug|Mixed Platforms.Build.0 = Debug|x64
		{1307CB13-F914-4DEC-8198-BBBC571D821C}.Debug|x64.ActiveCfg = Debug|x64
		{1307CB13-F914-4DEC-8198-BBBC571D821C}.Debug|x64.Build.0 = Debug|x64
		{1307CB13-F914-4DEC-8198-BBBC571D821C}.Debug|x86.ActiveCfg = Debug|x86
		{1307CB13-F914-4DEC-8198-BBBC571D821C}.Debug|x86.Build.0 = Debug|x86
		{1307CB13-F914-4DEC-8198-BBBC571D821C}.Release|Any CPU.ActiveCfg = Release|x86
		{1307CB13-F914-4DEC-8198-BBBC571D821C}.Release|Mixed Platforms.ActiveCfg = Release|x86
		{1307CB13-F914-4DEC-8198-BBBC571D821C}.Release|Mixed Platforms.Build.0 = Release|x86
		{1307CB13-F914-4DEC-8198-BBBC571D821C}.Release|x64.ActiveCfg = Release|x64
		{1307CB13-F914-4DEC-8198-BBBC571D821C}.Release|x64.Build.0 = Release|x64
		{1307CB13-F914-4DEC-8198-BBBC571D821C}.Release|x86.ActiveCfg = Release|x86
		{1307CB13-F914-4DEC-8198-BBBC571D821C}.Release|x86.Build.0 = Release|x86
		{4CC18776-125E-4318-9D24-D60110AD9697}.Debug|Any CPU.ActiveCfg = Debug|Any CPU
		{4CC18776-125E-4318-9D24-D60110AD9697}.Debug|Any CPU.Build.0 = Debug|Any CPU
		{4CC18776-125E-4318-9D24-D60110AD9697}.Debug|Mixed Platforms.ActiveCfg = Debug|Any CPU
		{4CC18776-125E-4318-9D24-D60110AD9697}.Debug|Mixed Platforms.Build.0 = Debug|Any CPU
		{4CC18776-125E-4318-9D24-D60110AD9697}.Debug|x64.ActiveCfg = Debug|Any CPU
		{4CC18776-125E-4318-9D24-D60110AD9697}.Debug|x64.Build.0 = Debug|Any CPU
		{4CC18776-125E-4318-9D24-D60110AD9697}.Debug|x86.ActiveCfg = Debug|Any CPU
		{4CC18776-125E-4318-9D24-D60110AD9697}.Release|Any CPU.ActiveCfg = Release|Any CPU
		{4CC18776-125E-4318-9D24-D60110AD9697}.Release|Any CPU.Build.0 = Release|Any CPU
		{4CC18776-125E-4318-9D24-D60110AD9697}.Release|Mixed Platforms.ActiveCfg = Release|Any CPU
		{4CC18776-125E-4318-9D24-D60110AD9697}.Release|Mixed Platforms.Build.0 = Release|Any CPU
		{4CC18776-125E-4318-9D24-D60110AD9697}.Release|x64.ActiveCfg = Release|Any CPU
		{4CC18776-125E-4318-9D24-D60110AD9697}.Release|x86.ActiveCfg = Release|Any CPU
		{1629B512-34A2-4F04-AB9A-EBD30228EBDC}.Debug|Any CPU.ActiveCfg = Debug|Any CPU
		{1629B512-34A2-4F04-AB9A-EBD30228EBDC}.Debug|Any CPU.Build.0 = Debug|Any CPU
		{1629B512-34A2-4F04-AB9A-EBD30228EBDC}.Debug|Mixed Platforms.ActiveCfg = Debug|Any CPU
		{1629B512-34A2-4F04-AB9A-EBD30228EBDC}.Debug|Mixed Platforms.Build.0 = Debug|Any CPU
		{1629B512-34A2-4F04-AB9A-EBD30228EBDC}.Debug|x64.ActiveCfg = Debug|Any CPU
		{1629B512-34A2-4F04-AB9A-EBD30228EBDC}.Debug|x64.Build.0 = Debug|Any CPU
		{1629B512-34A2-4F04-AB9A-EBD30228EBDC}.Debug|x86.ActiveCfg = Debug|Any CPU
		{1629B512-34A2-4F04-AB9A-EBD30228EBDC}.Release|Any CPU.ActiveCfg = Release|Any CPU
		{1629B512-34A2-4F04-AB9A-EBD30228EBDC}.Release|Any CPU.Build.0 = Release|Any CPU
		{1629B512-34A2-4F04-AB9A-EBD30228EBDC}.Release|Mixed Platforms.ActiveCfg = Release|Any CPU
		{1629B512-34A2-4F04-AB9A-EBD30228EBDC}.Release|Mixed Platforms.Build.0 = Release|Any CPU
		{1629B512-34A2-4F04-AB9A-EBD30228EBDC}.Release|x64.ActiveCfg = Release|Any CPU
		{1629B512-34A2-4F04-AB9A-EBD30228EBDC}.Release|x86.ActiveCfg = Release|Any CPU
		{CA62A344-0BEB-4DD3-9BF7-0F7D8D850CCB}.Debug|Any CPU.ActiveCfg = Debug|Any CPU
		{CA62A344-0BEB-4DD3-9BF7-0F7D8D850CCB}.Debug|Any CPU.Build.0 = Debug|Any CPU
		{CA62A344-0BEB-4DD3-9BF7-0F7D8D850CCB}.Debug|Mixed Platforms.ActiveCfg = Debug|Any CPU
		{CA62A344-0BEB-4DD3-9BF7-0F7D8D850CCB}.Debug|Mixed Platforms.Build.0 = Debug|Any CPU
		{CA62A344-0BEB-4DD3-9BF7-0F7D8D850CCB}.Debug|x64.ActiveCfg = Debug|Any CPU
		{CA62A344-0BEB-4DD3-9BF7-0F7D8D850CCB}.Debug|x64.Build.0 = Debug|Any CPU
		{CA62A344-0BEB-4DD3-9BF7-0F7D8D850CCB}.Debug|x86.ActiveCfg = Debug|Any CPU
		{CA62A344-0BEB-4DD3-9BF7-0F7D8D850CCB}.Release|Any CPU.ActiveCfg = Release|Any CPU
		{CA62A344-0BEB-4DD3-9BF7-0F7D8D850CCB}.Release|Any CPU.Build.0 = Release|Any CPU
		{CA62A344-0BEB-4DD3-9BF7-0F7D8D850CCB}.Release|Mixed Platforms.ActiveCfg = Release|Any CPU
		{CA62A344-0BEB-4DD3-9BF7-0F7D8D850CCB}.Release|Mixed Platforms.Build.0 = Release|Any CPU
		{CA62A344-0BEB-4DD3-9BF7-0F7D8D850CCB}.Release|x64.ActiveCfg = Release|Any CPU
		{CA62A344-0BEB-4DD3-9BF7-0F7D8D850CCB}.Release|x86.ActiveCfg = Release|Any CPU
		{B36EA69D-F61D-4002-9E0E-FB0F897C6977}.Debug|Any CPU.ActiveCfg = Debug|Any CPU
		{B36EA69D-F61D-4002-9E0E-FB0F897C6977}.Debug|Any CPU.Build.0 = Debug|Any CPU
		{B36EA69D-F61D-4002-9E0E-FB0F897C6977}.Debug|Mixed Platforms.ActiveCfg = Debug|Any CPU
		{B36EA69D-F61D-4002-9E0E-FB0F897C6977}.Debug|Mixed Platforms.Build.0 = Debug|Any CPU
		{B36EA69D-F61D-4002-9E0E-FB0F897C6977}.Debug|x64.ActiveCfg = Debug|Any CPU
		{B36EA69D-F61D-4002-9E0E-FB0F897C6977}.Debug|x64.Build.0 = Debug|Any CPU
		{B36EA69D-F61D-4002-9E0E-FB0F897C6977}.Debug|x86.ActiveCfg = Debug|Any CPU
		{B36EA69D-F61D-4002-9E0E-FB0F897C6977}.Release|Any CPU.ActiveCfg = Release|Any CPU
		{B36EA69D-F61D-4002-9E0E-FB0F897C6977}.Release|Any CPU.Build.0 = Release|Any CPU
		{B36EA69D-F61D-4002-9E0E-FB0F897C6977}.Release|Mixed Platforms.ActiveCfg = Release|Any CPU
		{B36EA69D-F61D-4002-9E0E-FB0F897C6977}.Release|Mixed Platforms.Build.0 = Release|Any CPU
		{B36EA69D-F61D-4002-9E0E-FB0F897C6977}.Release|x64.ActiveCfg = Release|Any CPU
		{B36EA69D-F61D-4002-9E0E-FB0F897C6977}.Release|x86.ActiveCfg = Release|Any CPU
		{9A1CF5CE-B0ED-4A35-9061-93710B0FE57D}.Debug|Any CPU.ActiveCfg = Debug|Any CPU
		{9A1CF5CE-B0ED-4A35-9061-93710B0FE57D}.Debug|Any CPU.Build.0 = Debug|Any CPU
		{9A1CF5CE-B0ED-4A35-9061-93710B0FE57D}.Debug|Mixed Platforms.ActiveCfg = Debug|Any CPU
		{9A1CF5CE-B0ED-4A35-9061-93710B0FE57D}.Debug|Mixed Platforms.Build.0 = Debug|Any CPU
		{9A1CF5CE-B0ED-4A35-9061-93710B0FE57D}.Debug|x64.ActiveCfg = Debug|Any CPU
		{9A1CF5CE-B0ED-4A35-9061-93710B0FE57D}.Debug|x86.ActiveCfg = Debug|Any CPU
		{9A1CF5CE-B0ED-4A35-9061-93710B0FE57D}.Release|Any CPU.ActiveCfg = Release|Any CPU
		{9A1CF5CE-B0ED-4A35-9061-93710B0FE57D}.Release|Any CPU.Build.0 = Release|Any CPU
		{9A1CF5CE-B0ED-4A35-9061-93710B0FE57D}.Release|Mixed Platforms.ActiveCfg = Release|Any CPU
		{9A1CF5CE-B0ED-4A35-9061-93710B0FE57D}.Release|Mixed Platforms.Build.0 = Release|Any CPU
		{9A1CF5CE-B0ED-4A35-9061-93710B0FE57D}.Release|x64.ActiveCfg = Release|Any CPU
		{9A1CF5CE-B0ED-4A35-9061-93710B0FE57D}.Release|x86.ActiveCfg = Release|Any CPU
	EndGlobalSection
	GlobalSection(SolutionProperties) = preSolution
		HideSolutionNode = FALSE
	EndGlobalSection
	GlobalSection(NestedProjects) = preSolution
		{4CC18776-125E-4318-9D24-D60110AD9697} = {F1E21BC9-CF85-4CC2-8A00-00ED88073BE5}
	EndGlobalSection
EndGlobal
