
Microsoft Visual Studio Solution File, Format Version 11.00
# Visual Studio 2010
Project("{FAE04EC0-301F-11D3-BF4B-00C04F79EFBC}") = "Gnosis", "Gnosis\Gnosis.csproj", "{37091600-5BFE-4FCB-8A69-F016FF451462}"
EndProject
Project("{FAE04EC0-301F-11D3-BF4B-00C04F79EFBC}") = "Gnosis.Audio.Fmod", "Gnosis.Audio.Fmod\Gnosis.Audio.Fmod.csproj", "{1629B512-34A2-4F04-AB9A-EBD30228EBDC}"
EndProject
Project("{FAE04EC0-301F-11D3-BF4B-00C04F79EFBC}") = "Gnosis.Tests", "Gnosis.Tests\Gnosis.Tests.csproj", "{CA62A344-0BEB-4DD3-9BF7-0F7D8D850CCB}"
EndProject
Project("{FAE04EC0-301F-11D3-BF4B-00C04F79EFBC}") = "Gnosis.Data.SQLite", "Gnosis.Data.SQLite\Gnosis.Data.SQLite.csproj", "{38A3C867-546C-45A6-891F-E901FB855206}"
EndProject
Project("{FAE04EC0-301F-11D3-BF4B-00C04F79EFBC}") = "Gnosis.Alexandria", "Gnosis.Alexandria\Gnosis.Alexandria.csproj", "{3470F959-B781-459C-932A-EECA1B1429F8}"
EndProject
Project("{FAE04EC0-301F-11D3-BF4B-00C04F79EFBC}") = "Gnosis.Video.Vlc", "Gnosis.Video.Vlc\Gnosis.Video.Vlc.csproj", "{5B68690D-78AC-48E1-ACC2-38999CCEDC06}"
EndProject
Project("{FAE04EC0-301F-11D3-BF4B-00C04F79EFBC}") = "Gnosis.Tags.TagLib", "Gnosis.Tags.TagLib\Gnosis.Tags.TagLib.csproj", "{822EDA39-22B0-494C-BFED-33EDC82EDE2F}"
EndProject
Project("{FAE04EC0-301F-11D3-BF4B-00C04F79EFBC}") = "Gnosis.Text.HtmlAgility", "Gnosis.Text.HtmlAgility\Gnosis.Text.HtmlAgility.csproj", "{56E3F598-4D55-4C04-B9C1-85E583A66860}"
EndProject
Project("{FAE04EC0-301F-11D3-BF4B-00C04F79EFBC}") = "Gnosis.Application.Ghostscript", "Gnosis.Application.Ghostscript\Gnosis.Application.Ghostscript.csproj", "{CF885E52-214A-402D-B6D9-1DD461DC47A3}"
EndProject
Project("{FAE04EC0-301F-11D3-BF4B-00C04F79EFBC}") = "Gnosis.Tagger", "Gnosis.Tagger\Gnosis.Tagger.csproj", "{AE8797A4-4595-4217-B4A6-59549DD6CDCE}"
EndProject
Global
	GlobalSection(SolutionConfigurationPlatforms) = preSolution
		Debug|Any CPU = Debug|Any CPU
		Debug|Mixed Platforms = Debug|Mixed Platforms
		Debug|x64 = Debug|x64
		Debug|x86 = Debug|x86
		Release|Any CPU = Release|Any CPU
		Release|Mixed Platforms = Release|Mixed Platforms
		Release|x64 = Release|x64
		Release|x86 = Release|x86
	EndGlobalSection
	GlobalSection(ProjectConfigurationPlatforms) = postSolution
		{37091600-5BFE-4FCB-8A69-F016FF451462}.Debug|Any CPU.ActiveCfg = Debug|Any CPU
		{37091600-5BFE-4FCB-8A69-F016FF451462}.Debug|Any CPU.Build.0 = Debug|Any CPU
		{37091600-5BFE-4FCB-8A69-F016FF451462}.Debug|Mixed Platforms.ActiveCfg = Debug|Any CPU
		{37091600-5BFE-4FCB-8A69-F016FF451462}.Debug|Mixed Platforms.Build.0 = Debug|Any CPU
		{37091600-5BFE-4FCB-8A69-F016FF451462}.Debug|x64.ActiveCfg = Debug|Any CPU
		{37091600-5BFE-4FCB-8A69-F016FF451462}.Debug|x64.Build.0 = Debug|Any CPU
		{37091600-5BFE-4FCB-8A69-F016FF451462}.Debug|x86.ActiveCfg = Debug|x86
		{37091600-5BFE-4FCB-8A69-F016FF451462}.Debug|x86.Build.0 = Debug|x86
		{37091600-5BFE-4FCB-8A69-F016FF451462}.Release|Any CPU.ActiveCfg = Release|Any CPU
		{37091600-5BFE-4FCB-8A69-F016FF451462}.Release|Any CPU.Build.0 = Release|Any CPU
		{37091600-5BFE-4FCB-8A69-F016FF451462}.Release|Mixed Platforms.ActiveCfg = Release|Any CPU
		{37091600-5BFE-4FCB-8A69-F016FF451462}.Release|Mixed Platforms.Build.0 = Release|Any CPU
		{37091600-5BFE-4FCB-8A69-F016FF451462}.Release|x64.ActiveCfg = Release|Any CPU
		{37091600-5BFE-4FCB-8A69-F016FF451462}.Release|x86.ActiveCfg = Release|x86
		{37091600-5BFE-4FCB-8A69-F016FF451462}.Release|x86.Build.0 = Release|x86
		{1629B512-34A2-4F04-AB9A-EBD30228EBDC}.Debug|Any CPU.ActiveCfg = Debug|Any CPU
		{1629B512-34A2-4F04-AB9A-EBD30228EBDC}.Debug|Any CPU.Build.0 = Debug|Any CPU
		{1629B512-34A2-4F04-AB9A-EBD30228EBDC}.Debug|Mixed Platforms.ActiveCfg = Debug|Any CPU
		{1629B512-34A2-4F04-AB9A-EBD30228EBDC}.Debug|Mixed Platforms.Build.0 = Debug|Any CPU
		{1629B512-34A2-4F04-AB9A-EBD30228EBDC}.Debug|x64.ActiveCfg = Debug|Any CPU
		{1629B512-34A2-4F04-AB9A-EBD30228EBDC}.Debug|x64.Build.0 = Debug|Any CPU
		{1629B512-34A2-4F04-AB9A-EBD30228EBDC}.Debug|x86.ActiveCfg = Debug|x86
		{1629B512-34A2-4F04-AB9A-EBD30228EBDC}.Debug|x86.Build.0 = Debug|x86
		{1629B512-34A2-4F04-AB9A-EBD30228EBDC}.Release|Any CPU.ActiveCfg = Release|Any CPU
		{1629B512-34A2-4F04-AB9A-EBD30228EBDC}.Release|Any CPU.Build.0 = Release|Any CPU
		{1629B512-34A2-4F04-AB9A-EBD30228EBDC}.Release|Mixed Platforms.ActiveCfg = Release|Any CPU
		{1629B512-34A2-4F04-AB9A-EBD30228EBDC}.Release|Mixed Platforms.Build.0 = Release|Any CPU
		{1629B512-34A2-4F04-AB9A-EBD30228EBDC}.Release|x64.ActiveCfg = Release|Any CPU
		{1629B512-34A2-4F04-AB9A-EBD30228EBDC}.Release|x86.ActiveCfg = Release|x86
		{1629B512-34A2-4F04-AB9A-EBD30228EBDC}.Release|x86.Build.0 = Release|x86
		{CA62A344-0BEB-4DD3-9BF7-0F7D8D850CCB}.Debug|Any CPU.ActiveCfg = Debug|Any CPU
		{CA62A344-0BEB-4DD3-9BF7-0F7D8D850CCB}.Debug|Any CPU.Build.0 = Debug|Any CPU
		{CA62A344-0BEB-4DD3-9BF7-0F7D8D850CCB}.Debug|Mixed Platforms.ActiveCfg = Debug|Any CPU
		{CA62A344-0BEB-4DD3-9BF7-0F7D8D850CCB}.Debug|Mixed Platforms.Build.0 = Debug|Any CPU
		{CA62A344-0BEB-4DD3-9BF7-0F7D8D850CCB}.Debug|x64.ActiveCfg = Debug|Any CPU
		{CA62A344-0BEB-4DD3-9BF7-0F7D8D850CCB}.Debug|x64.Build.0 = Debug|Any CPU
		{CA62A344-0BEB-4DD3-9BF7-0F7D8D850CCB}.Debug|x86.ActiveCfg = Debug|x86
		{CA62A344-0BEB-4DD3-9BF7-0F7D8D850CCB}.Debug|x86.Build.0 = Debug|x86
		{CA62A344-0BEB-4DD3-9BF7-0F7D8D850CCB}.Release|Any CPU.ActiveCfg = Release|Any CPU
		{CA62A344-0BEB-4DD3-9BF7-0F7D8D850CCB}.Release|Any CPU.Build.0 = Release|Any CPU
		{CA62A344-0BEB-4DD3-9BF7-0F7D8D850CCB}.Release|Mixed Platforms.ActiveCfg = Release|Any CPU
		{CA62A344-0BEB-4DD3-9BF7-0F7D8D850CCB}.Release|Mixed Platforms.Build.0 = Release|Any CPU
		{CA62A344-0BEB-4DD3-9BF7-0F7D8D850CCB}.Release|x64.ActiveCfg = Release|Any CPU
		{CA62A344-0BEB-4DD3-9BF7-0F7D8D850CCB}.Release|x86.ActiveCfg = Release|x86
		{CA62A344-0BEB-4DD3-9BF7-0F7D8D850CCB}.Release|x86.Build.0 = Release|x86
		{38A3C867-546C-45A6-891F-E901FB855206}.Debug|Any CPU.ActiveCfg = Debug|x64
		{38A3C867-546C-45A6-891F-E901FB855206}.Debug|Any CPU.Build.0 = Debug|x64
		{38A3C867-546C-45A6-891F-E901FB855206}.Debug|Mixed Platforms.ActiveCfg = Debug|x86
		{38A3C867-546C-45A6-891F-E901FB855206}.Debug|Mixed Platforms.Build.0 = Debug|x86
		{38A3C867-546C-45A6-891F-E901FB855206}.Debug|x64.ActiveCfg = Debug|x64
		{38A3C867-546C-45A6-891F-E901FB855206}.Debug|x64.Build.0 = Debug|x64
		{38A3C867-546C-45A6-891F-E901FB855206}.Debug|x86.ActiveCfg = Debug|x86
		{38A3C867-546C-45A6-891F-E901FB855206}.Debug|x86.Build.0 = Debug|x86
		{38A3C867-546C-45A6-891F-E901FB855206}.Release|Any CPU.ActiveCfg = Release|Any CPU
		{38A3C867-546C-45A6-891F-E901FB855206}.Release|Any CPU.Build.0 = Release|Any CPU
		{38A3C867-546C-45A6-891F-E901FB855206}.Release|Mixed Platforms.ActiveCfg = Release|Any CPU
		{38A3C867-546C-45A6-891F-E901FB855206}.Release|Mixed Platforms.Build.0 = Release|Any CPU
		{38A3C867-546C-45A6-891F-E901FB855206}.Release|x64.ActiveCfg = Release|Any CPU
		{38A3C867-546C-45A6-891F-E901FB855206}.Release|x86.ActiveCfg = Release|x86
		{38A3C867-546C-45A6-891F-E901FB855206}.Release|x86.Build.0 = Release|x86
		{3470F959-B781-459C-932A-EECA1B1429F8}.Debug|Any CPU.ActiveCfg = Debug|x86
		{3470F959-B781-459C-932A-EECA1B1429F8}.Debug|Mixed Platforms.ActiveCfg = Debug|x86
		{3470F959-B781-459C-932A-EECA1B1429F8}.Debug|Mixed Platforms.Build.0 = Debug|x86
		{3470F959-B781-459C-932A-EECA1B1429F8}.Debug|x64.ActiveCfg = Debug|x86
		{3470F959-B781-459C-932A-EECA1B1429F8}.Debug|x86.ActiveCfg = Debug|x86
		{3470F959-B781-459C-932A-EECA1B1429F8}.Debug|x86.Build.0 = Debug|x86
		{3470F959-B781-459C-932A-EECA1B1429F8}.Release|Any CPU.ActiveCfg = Release|x86
		{3470F959-B781-459C-932A-EECA1B1429F8}.Release|Mixed Platforms.ActiveCfg = Release|x86
		{3470F959-B781-459C-932A-EECA1B1429F8}.Release|Mixed Platforms.Build.0 = Release|x86
		{3470F959-B781-459C-932A-EECA1B1429F8}.Release|x64.ActiveCfg = Release|x86
		{3470F959-B781-459C-932A-EECA1B1429F8}.Release|x86.ActiveCfg = Release|x86
		{3470F959-B781-459C-932A-EECA1B1429F8}.Release|x86.Build.0 = Release|x86
		{5B68690D-78AC-48E1-ACC2-38999CCEDC06}.Debug|Any CPU.ActiveCfg = Debug|Any CPU
		{5B68690D-78AC-48E1-ACC2-38999CCEDC06}.Debug|Any CPU.Build.0 = Debug|Any CPU
		{5B68690D-78AC-48E1-ACC2-38999CCEDC06}.Debug|Mixed Platforms.ActiveCfg = Debug|Any CPU
		{5B68690D-78AC-48E1-ACC2-38999CCEDC06}.Debug|Mixed Platforms.Build.0 = Debug|Any CPU
		{5B68690D-78AC-48E1-ACC2-38999CCEDC06}.Debug|x64.ActiveCfg = Debug|Any CPU
		{5B68690D-78AC-48E1-ACC2-38999CCEDC06}.Debug|x86.ActiveCfg = Debug|x86
		{5B68690D-78AC-48E1-ACC2-38999CCEDC06}.Debug|x86.Build.0 = Debug|x86
		{5B68690D-78AC-48E1-ACC2-38999CCEDC06}.Release|Any CPU.ActiveCfg = Release|Any CPU
		{5B68690D-78AC-48E1-ACC2-38999CCEDC06}.Release|Any CPU.Build.0 = Release|Any CPU
		{5B68690D-78AC-48E1-ACC2-38999CCEDC06}.Release|Mixed Platforms.ActiveCfg = Release|Any CPU
		{5B68690D-78AC-48E1-ACC2-38999CCEDC06}.Release|Mixed Platforms.Build.0 = Release|Any CPU
		{5B68690D-78AC-48E1-ACC2-38999CCEDC06}.Release|x64.ActiveCfg = Release|Any CPU
		{5B68690D-78AC-48E1-ACC2-38999CCEDC06}.Release|x86.ActiveCfg = Release|x86
		{5B68690D-78AC-48E1-ACC2-38999CCEDC06}.Release|x86.Build.0 = Release|x86
		{822EDA39-22B0-494C-BFED-33EDC82EDE2F}.Debug|Any CPU.ActiveCfg = Debug|Any CPU
		{822EDA39-22B0-494C-BFED-33EDC82EDE2F}.Debug|Any CPU.Build.0 = Debug|Any CPU
		{822EDA39-22B0-494C-BFED-33EDC82EDE2F}.Debug|Mixed Platforms.ActiveCfg = Debug|Any CPU
		{822EDA39-22B0-494C-BFED-33EDC82EDE2F}.Debug|Mixed Platforms.Build.0 = Debug|Any CPU
		{822EDA39-22B0-494C-BFED-33EDC82EDE2F}.Debug|x64.ActiveCfg = Debug|Any CPU
		{822EDA39-22B0-494C-BFED-33EDC82EDE2F}.Debug|x86.ActiveCfg = Debug|x86
		{822EDA39-22B0-494C-BFED-33EDC82EDE2F}.Debug|x86.Build.0 = Debug|x86
		{822EDA39-22B0-494C-BFED-33EDC82EDE2F}.Release|Any CPU.ActiveCfg = Release|Any CPU
		{822EDA39-22B0-494C-BFED-33EDC82EDE2F}.Release|Any CPU.Build.0 = Release|Any CPU
		{822EDA39-22B0-494C-BFED-33EDC82EDE2F}.Release|Mixed Platforms.ActiveCfg = Release|Any CPU
		{822EDA39-22B0-494C-BFED-33EDC82EDE2F}.Release|Mixed Platforms.Build.0 = Release|Any CPU
		{822EDA39-22B0-494C-BFED-33EDC82EDE2F}.Release|x64.ActiveCfg = Release|Any CPU
		{822EDA39-22B0-494C-BFED-33EDC82EDE2F}.Release|x86.ActiveCfg = Release|x86
		{822EDA39-22B0-494C-BFED-33EDC82EDE2F}.Release|x86.Build.0 = Release|x86
		{56E3F598-4D55-4C04-B9C1-85E583A66860}.Debug|Any CPU.ActiveCfg = Debug|Any CPU
		{56E3F598-4D55-4C04-B9C1-85E583A66860}.Debug|Any CPU.Build.0 = Debug|Any CPU
		{56E3F598-4D55-4C04-B9C1-85E583A66860}.Debug|Mixed Platforms.ActiveCfg = Debug|Any CPU
		{56E3F598-4D55-4C04-B9C1-85E583A66860}.Debug|Mixed Platforms.Build.0 = Debug|Any CPU
		{56E3F598-4D55-4C04-B9C1-85E583A66860}.Debug|x64.ActiveCfg = Debug|Any CPU
		{56E3F598-4D55-4C04-B9C1-85E583A66860}.Debug|x86.ActiveCfg = Debug|x86
		{56E3F598-4D55-4C04-B9C1-85E583A66860}.Debug|x86.Build.0 = Debug|x86
		{56E3F598-4D55-4C04-B9C1-85E583A66860}.Release|Any CPU.ActiveCfg = Release|Any CPU
		{56E3F598-4D55-4C04-B9C1-85E583A66860}.Release|Any CPU.Build.0 = Release|Any CPU
		{56E3F598-4D55-4C04-B9C1-85E583A66860}.Release|Mixed Platforms.ActiveCfg = Release|Any CPU
		{56E3F598-4D55-4C04-B9C1-85E583A66860}.Release|Mixed Platforms.Build.0 = Release|Any CPU
		{56E3F598-4D55-4C04-B9C1-85E583A66860}.Release|x64.ActiveCfg = Release|Any CPU
		{56E3F598-4D55-4C04-B9C1-85E583A66860}.Release|x86.ActiveCfg = Release|x86
		{56E3F598-4D55-4C04-B9C1-85E583A66860}.Release|x86.Build.0 = Release|x86
		{CF885E52-214A-402D-B6D9-1DD461DC47A3}.Debug|Any CPU.ActiveCfg = Debug|Any CPU
		{CF885E52-214A-402D-B6D9-1DD461DC47A3}.Debug|Any CPU.Build.0 = Debug|Any CPU
		{CF885E52-214A-402D-B6D9-1DD461DC47A3}.Debug|Mixed Platforms.ActiveCfg = Debug|Any CPU
		{CF885E52-214A-402D-B6D9-1DD461DC47A3}.Debug|Mixed Platforms.Build.0 = Debug|Any CPU
		{CF885E52-214A-402D-B6D9-1DD461DC47A3}.Debug|x64.ActiveCfg = Debug|Any CPU
		{CF885E52-214A-402D-B6D9-1DD461DC47A3}.Debug|x86.ActiveCfg = Debug|x86
		{CF885E52-214A-402D-B6D9-1DD461DC47A3}.Debug|x86.Build.0 = Debug|x86
		{CF885E52-214A-402D-B6D9-1DD461DC47A3}.Release|Any CPU.ActiveCfg = Release|Any CPU
		{CF885E52-214A-402D-B6D9-1DD461DC47A3}.Release|Any CPU.Build.0 = Release|Any CPU
		{CF885E52-214A-402D-B6D9-1DD461DC47A3}.Release|Mixed Platforms.ActiveCfg = Release|Any CPU
		{CF885E52-214A-402D-B6D9-1DD461DC47A3}.Release|Mixed Platforms.Build.0 = Release|Any CPU
		{CF885E52-214A-402D-B6D9-1DD461DC47A3}.Release|x64.ActiveCfg = Release|Any CPU
		{CF885E52-214A-402D-B6D9-1DD461DC47A3}.Release|x86.ActiveCfg = Release|Any CPU
		{AE8797A4-4595-4217-B4A6-59549DD6CDCE}.Debug|Any CPU.ActiveCfg = Debug|x86
		{AE8797A4-4595-4217-B4A6-59549DD6CDCE}.Debug|Mixed Platforms.ActiveCfg = Debug|x86
		{AE8797A4-4595-4217-B4A6-59549DD6CDCE}.Debug|Mixed Platforms.Build.0 = Debug|x86
		{AE8797A4-4595-4217-B4A6-59549DD6CDCE}.Debug|x64.ActiveCfg = Debug|x86
		{AE8797A4-4595-4217-B4A6-59549DD6CDCE}.Debug|x86.ActiveCfg = Debug|x86
		{AE8797A4-4595-4217-B4A6-59549DD6CDCE}.Debug|x86.Build.0 = Debug|x86
		{AE8797A4-4595-4217-B4A6-59549DD6CDCE}.Release|Any CPU.ActiveCfg = Release|x86
		{AE8797A4-4595-4217-B4A6-59549DD6CDCE}.Release|Mixed Platforms.ActiveCfg = Release|x86
		{AE8797A4-4595-4217-B4A6-59549DD6CDCE}.Release|Mixed Platforms.Build.0 = Release|x86
		{AE8797A4-4595-4217-B4A6-59549DD6CDCE}.Release|x64.ActiveCfg = Release|x86
		{AE8797A4-4595-4217-B4A6-59549DD6CDCE}.Release|x86.ActiveCfg = Release|x86
		{AE8797A4-4595-4217-B4A6-59549DD6CDCE}.Release|x86.Build.0 = Release|x86
	EndGlobalSection
	GlobalSection(SolutionProperties) = preSolution
		HideSolutionNode = FALSE
	EndGlobalSection
EndGlobal
