Microsoft Visual Studio Solution File, Format Version 10.00
# Visual Studio 2008
Project("{FAE04EC0-301F-11D3-BF4B-00C04F79EFBC}") = "Alexandria.Data", "src\Alexandria.Data\Alexandria.Data.csproj", "{5DD38B9F-093E-4128-962D-3F1A4C2AA834}"
EndProject
Project("{2150E333-8FDC-42A3-9474-1A3956D46DE8}") = "src", "src", "{0365B805-C7E6-472F-A612-23E74172EF9F}"
EndProject
Project("{FAE04EC0-301F-11D3-BF4B-00C04F79EFBC}") = "Alexandria.Core", "src\Alexandria.Core\Alexandria.Core.csproj", "{53A95BBC-9511-4EF7-AE5F-BF09D3891512}"
EndProject
Project("{FAE04EC0-301F-11D3-BF4B-00C04F79EFBC}") = "Alexandria.TestClient", "src\Alexandria.TestClient\Alexandria.TestClient.csproj", "{B1466947-A14F-4275-822B-F53606334D91}"
EndProject
Project("{FAE04EC0-301F-11D3-BF4B-00C04F79EFBC}") = "Babel", "lib\Babel\Babel.csproj", "{4E11BE73-90FB-4F2D-8D2A-BA1A640DCEF5}"
EndProject
Project("{FAE04EC0-301F-11D3-BF4B-00C04F79EFBC}") = "Abraxas", "lib\Abraxas\Abraxas.csproj", "{4FA5514D-6C8A-4937-A7E2-873DFB9E09FD}"
EndProject
Project("{2150E333-8FDC-42A3-9474-1A3956D46DE8}") = "lib", "lib", "{B8308834-F89D-4BC9-A3F6-79A14391B7AA}"
EndProject
Project("{FAE04EC0-301F-11D3-BF4B-00C04F79EFBC}") = "Sophia", "lib\Sophia\Sophia.csproj", "{032EB687-B2C6-489D-8A2D-20B9455C7B99}"
EndProject
Global
	GlobalSection(SolutionConfigurationPlatforms) = preSolution
		Debug|Any CPU = Debug|Any CPU
		Release|Any CPU = Release|Any CPU
	EndGlobalSection
	GlobalSection(ProjectConfigurationPlatforms) = postSolution
		{5DD38B9F-093E-4128-962D-3F1A4C2AA834}.Debug|Any CPU.ActiveCfg = Debug|Any CPU
		{5DD38B9F-093E-4128-962D-3F1A4C2AA834}.Debug|Any CPU.Build.0 = Debug|Any CPU
		{5DD38B9F-093E-4128-962D-3F1A4C2AA834}.Release|Any CPU.ActiveCfg = Release|Any CPU
		{5DD38B9F-093E-4128-962D-3F1A4C2AA834}.Release|Any CPU.Build.0 = Release|Any CPU
		{53A95BBC-9511-4EF7-AE5F-BF09D3891512}.Debug|Any CPU.ActiveCfg = Debug|Any CPU
		{53A95BBC-9511-4EF7-AE5F-BF09D3891512}.Debug|Any CPU.Build.0 = Debug|Any CPU
		{53A95BBC-9511-4EF7-AE5F-BF09D3891512}.Release|Any CPU.ActiveCfg = Release|Any CPU
		{53A95BBC-9511-4EF7-AE5F-BF09D3891512}.Release|Any CPU.Build.0 = Release|Any CPU
		{B1466947-A14F-4275-822B-F53606334D91}.Debug|Any CPU.ActiveCfg = Debug|Any CPU
		{B1466947-A14F-4275-822B-F53606334D91}.Debug|Any CPU.Build.0 = Debug|Any CPU
		{B1466947-A14F-4275-822B-F53606334D91}.Release|Any CPU.ActiveCfg = Release|Any CPU
		{B1466947-A14F-4275-822B-F53606334D91}.Release|Any CPU.Build.0 = Release|Any CPU
		{4E11BE73-90FB-4F2D-8D2A-BA1A640DCEF5}.Debug|Any CPU.ActiveCfg = Debug|Any CPU
		{4E11BE73-90FB-4F2D-8D2A-BA1A640DCEF5}.Debug|Any CPU.Build.0 = Debug|Any CPU
		{4E11BE73-90FB-4F2D-8D2A-BA1A640DCEF5}.Release|Any CPU.ActiveCfg = Release|Any CPU
		{4E11BE73-90FB-4F2D-8D2A-BA1A640DCEF5}.Release|Any CPU.Build.0 = Release|Any CPU
		{4FA5514D-6C8A-4937-A7E2-873DFB9E09FD}.Debug|Any CPU.ActiveCfg = Debug|Any CPU
		{4FA5514D-6C8A-4937-A7E2-873DFB9E09FD}.Debug|Any CPU.Build.0 = Debug|Any CPU
		{4FA5514D-6C8A-4937-A7E2-873DFB9E09FD}.Release|Any CPU.ActiveCfg = Release|Any CPU
		{4FA5514D-6C8A-4937-A7E2-873DFB9E09FD}.Release|Any CPU.Build.0 = Release|Any CPU
		{032EB687-B2C6-489D-8A2D-20B9455C7B99}.Debug|Any CPU.ActiveCfg = Debug|Any CPU
		{032EB687-B2C6-489D-8A2D-20B9455C7B99}.Debug|Any CPU.Build.0 = Debug|Any CPU
		{032EB687-B2C6-489D-8A2D-20B9455C7B99}.Release|Any CPU.ActiveCfg = Release|Any CPU
		{032EB687-B2C6-489D-8A2D-20B9455C7B99}.Release|Any CPU.Build.0 = Release|Any CPU
	EndGlobalSection
	GlobalSection(SolutionProperties) = preSolution
		HideSolutionNode = FALSE
	EndGlobalSection
	GlobalSection(NestedProjects) = preSolution
		{5DD38B9F-093E-4128-962D-3F1A4C2AA834} = {0365B805-C7E6-472F-A612-23E74172EF9F}
		{53A95BBC-9511-4EF7-AE5F-BF09D3891512} = {0365B805-C7E6-472F-A612-23E74172EF9F}
		{B1466947-A14F-4275-822B-F53606334D91} = {0365B805-C7E6-472F-A612-23E74172EF9F}
		{4FA5514D-6C8A-4937-A7E2-873DFB9E09FD} = {B8308834-F89D-4BC9-A3F6-79A14391B7AA}
		{4E11BE73-90FB-4F2D-8D2A-BA1A640DCEF5} = {B8308834-F89D-4BC9-A3F6-79A14391B7AA}
		{032EB687-B2C6-489D-8A2D-20B9455C7B99} = {B8308834-F89D-4BC9-A3F6-79A14391B7AA}
	EndGlobalSection
EndGlobal
