
Microsoft Visual Studio Solution File, Format Version 9.00
# Visual Studio 2005
Project("{FAE04EC0-301F-11D3-BF4B-00C04F79EFBC}") = "Alexandria", "Alexandria\Alexandria.csproj", "{393CD31D-C8FD-448E-8AFD-F6E6E8F59F82}"
EndProject
Project("{FAE04EC0-301F-11D3-BF4B-00C04F79EFBC}") = "Alexandria.Media", "Alexandria.Media\Alexandria.Media.csproj", "{ACFC43B8-F89E-4719-9E31-1D88ED4B6C3B}"
EndProject
Project("{FAE04EC0-301F-11D3-BF4B-00C04F79EFBC}") = "Alexandria.Resources", "Alexandria.Resources\Alexandria.Resources.csproj", "{BAD0D48B-59FD-41A8-A62D-BF73BC33C9B0}"
EndProject
Project("{FAE04EC0-301F-11D3-BF4B-00C04F79EFBC}") = "Alexandria.Catalog", "Alexandria.Catalog\Alexandria.Catalog.csproj", "{D6F45C40-8DE9-443D-A380-C92AED3B7A49}"
EndProject
Project("{FAE04EC0-301F-11D3-BF4B-00C04F79EFBC}") = "Alexandria.Persistence", "Alexandria.Persistence\Alexandria.Persistence.csproj", "{4ECF5140-8062-4B6C-A53E-5CA914CF3A5C}"
EndProject
Global
	GlobalSection(SolutionConfigurationPlatforms) = preSolution
		Debug|Any CPU = Debug|Any CPU
		Release|Any CPU = Release|Any CPU
	EndGlobalSection
	GlobalSection(ProjectConfigurationPlatforms) = postSolution
		{393CD31D-C8FD-448E-8AFD-F6E6E8F59F82}.Debug|Any CPU.ActiveCfg = Debug|Any CPU
		{393CD31D-C8FD-448E-8AFD-F6E6E8F59F82}.Debug|Any CPU.Build.0 = Debug|Any CPU
		{393CD31D-C8FD-448E-8AFD-F6E6E8F59F82}.Release|Any CPU.ActiveCfg = Release|Any CPU
		{393CD31D-C8FD-448E-8AFD-F6E6E8F59F82}.Release|Any CPU.Build.0 = Release|Any CPU
		{ACFC43B8-F89E-4719-9E31-1D88ED4B6C3B}.Debug|Any CPU.ActiveCfg = Debug|Any CPU
		{ACFC43B8-F89E-4719-9E31-1D88ED4B6C3B}.Debug|Any CPU.Build.0 = Debug|Any CPU
		{ACFC43B8-F89E-4719-9E31-1D88ED4B6C3B}.Release|Any CPU.ActiveCfg = Release|Any CPU
		{ACFC43B8-F89E-4719-9E31-1D88ED4B6C3B}.Release|Any CPU.Build.0 = Release|Any CPU
		{BAD0D48B-59FD-41A8-A62D-BF73BC33C9B0}.Debug|Any CPU.ActiveCfg = Debug|Any CPU
		{BAD0D48B-59FD-41A8-A62D-BF73BC33C9B0}.Debug|Any CPU.Build.0 = Debug|Any CPU
		{BAD0D48B-59FD-41A8-A62D-BF73BC33C9B0}.Release|Any CPU.ActiveCfg = Release|Any CPU
		{BAD0D48B-59FD-41A8-A62D-BF73BC33C9B0}.Release|Any CPU.Build.0 = Release|Any CPU
		{D6F45C40-8DE9-443D-A380-C92AED3B7A49}.Debug|Any CPU.ActiveCfg = Debug|Any CPU
		{D6F45C40-8DE9-443D-A380-C92AED3B7A49}.Debug|Any CPU.Build.0 = Debug|Any CPU
		{D6F45C40-8DE9-443D-A380-C92AED3B7A49}.Release|Any CPU.ActiveCfg = Release|Any CPU
		{D6F45C40-8DE9-443D-A380-C92AED3B7A49}.Release|Any CPU.Build.0 = Release|Any CPU
		{4ECF5140-8062-4B6C-A53E-5CA914CF3A5C}.Debug|Any CPU.ActiveCfg = Debug|Any CPU
		{4ECF5140-8062-4B6C-A53E-5CA914CF3A5C}.Debug|Any CPU.Build.0 = Debug|Any CPU
		{4ECF5140-8062-4B6C-A53E-5CA914CF3A5C}.Release|Any CPU.ActiveCfg = Release|Any CPU
		{4ECF5140-8062-4B6C-A53E-5CA914CF3A5C}.Release|Any CPU.Build.0 = Release|Any CPU
	EndGlobalSection
	GlobalSection(SolutionProperties) = preSolution
		HideSolutionNode = FALSE
	EndGlobalSection
EndGlobal
