Microsoft Visual Studio Solution File, Format Version 10.00
# Visual Studio 2008
Project("{FAE04EC0-301F-11D3-BF4B-00C04F79EFBC}") = "Alexandria.Data", "src\Alexandria.Data\Alexandria.Data.csproj", "{5DD38B9F-093E-4128-962D-3F1A4C2AA834}"
EndProject
Project("{2150E333-8FDC-42A3-9474-1A3956D46DE8}") = "src", "src", "{0365B805-C7E6-472F-A612-23E74172EF9F}"
EndProject
Project("{FAE04EC0-301F-11D3-BF4B-00C04F79EFBC}") = "Alexandria.Core", "src\Alexandria.Core\Alexandria.Core.csproj", "{53A95BBC-9511-4EF7-AE5F-BF09D3891512}"
EndProject
Project("{FAE04EC0-301F-11D3-BF4B-00C04F79EFBC}") = "Alexandria.TestClient", "src\Alexandria.TestClient\Alexandria.TestClient.csproj", "{B1466947-A14F-4275-822B-F53606334D91}"
EndProject
Global
	GlobalSection(SolutionConfigurationPlatforms) = preSolution
		Debug|Any CPU = Debug|Any CPU
		Release|Any CPU = Release|Any CPU
	EndGlobalSection
	GlobalSection(ProjectConfigurationPlatforms) = postSolution
		{5DD38B9F-093E-4128-962D-3F1A4C2AA834}.Debug|Any CPU.ActiveCfg = Debug|Any CPU
		{5DD38B9F-093E-4128-962D-3F1A4C2AA834}.Debug|Any CPU.Build.0 = Debug|Any CPU
		{5DD38B9F-093E-4128-962D-3F1A4C2AA834}.Release|Any CPU.ActiveCfg = Release|Any CPU
		{5DD38B9F-093E-4128-962D-3F1A4C2AA834}.Release|Any CPU.Build.0 = Release|Any CPU
		{53A95BBC-9511-4EF7-AE5F-BF09D3891512}.Debug|Any CPU.ActiveCfg = Debug|Any CPU
		{53A95BBC-9511-4EF7-AE5F-BF09D3891512}.Debug|Any CPU.Build.0 = Debug|Any CPU
		{53A95BBC-9511-4EF7-AE5F-BF09D3891512}.Release|Any CPU.ActiveCfg = Release|Any CPU
		{53A95BBC-9511-4EF7-AE5F-BF09D3891512}.Release|Any CPU.Build.0 = Release|Any CPU
		{B1466947-A14F-4275-822B-F53606334D91}.Debug|Any CPU.ActiveCfg = Debug|Any CPU
		{B1466947-A14F-4275-822B-F53606334D91}.Debug|Any CPU.Build.0 = Debug|Any CPU
		{B1466947-A14F-4275-822B-F53606334D91}.Release|Any CPU.ActiveCfg = Release|Any CPU
		{B1466947-A14F-4275-822B-F53606334D91}.Release|Any CPU.Build.0 = Release|Any CPU
	EndGlobalSection
	GlobalSection(SolutionProperties) = preSolution
		HideSolutionNode = FALSE
	EndGlobalSection
	GlobalSection(NestedProjects) = preSolution
		{5DD38B9F-093E-4128-962D-3F1A4C2AA834} = {0365B805-C7E6-472F-A612-23E74172EF9F}
		{53A95BBC-9511-4EF7-AE5F-BF09D3891512} = {0365B805-C7E6-472F-A612-23E74172EF9F}
		{B1466947-A14F-4275-822B-F53606334D91} = {0365B805-C7E6-472F-A612-23E74172EF9F}
	EndGlobalSection
EndGlobal
